
Microsoft Visual Studio Solution File, Format Version 12.00
# Visual Studio Version 17
VisualStudioVersion = 17.0.31903.59
MinimumVisualStudioVersion = 10.0.40219.1
Project("{2150E333-8FDC-42A3-9474-1A3956D46DE8}") = "src", "src", "{827E0CD3-B72D-47B6-A68D-7590B98EB39B}"
EndProject
Project("{FAE04EC0-301F-11D3-BF4B-00C04F79EFBC}") = "ReloadedDropIn.Adapter.Abstractions", "src\ReloadedDropIn.Adapter.Abstractions\ReloadedDropIn.Adapter.Abstractions.csproj", "{ED741817-4ACA-4A87-BB82-5162F8D9A796}"
EndProject
Project("{FAE04EC0-301F-11D3-BF4B-00C04F79EFBC}") = "ReloadedDropIn.Adapter.GBFR", "src\ReloadedDropIn.Adapter.GBFR\ReloadedDropIn.Adapter.GBFR.csproj", "{754029A4-CD9D-49DF-A75D-218EA12BA72B}"
EndProject
Project("{FAE04EC0-301F-11D3-BF4B-00C04F79EFBC}") = "ReloadedDropIn.Bootstrap", "src\ReloadedDropIn.Bootstrap\ReloadedDropIn.Bootstrap.csproj", "{0C24B528-15EC-4BF1-9BC4-39C6FAF01416}"
EndProject
Project("{FAE04EC0-301F-11D3-BF4B-00C04F79EFBC}") = "ReloadedDropIn.Cli", "src\ReloadedDropIn.Cli\ReloadedDropIn.Cli.csproj", "{836FEED4-FBEA-4A40-A7F2-6B196784D728}"
EndProject
Project("{FAE04EC0-301F-11D3-BF4B-00C04F79EFBC}") = "ReloadedDropIn.Core", "src\ReloadedDropIn.Core\ReloadedDropIn.Core.csproj", "{55D505B6-1D3C-40BA-9203-0532DE18C0A7}"
EndProject
Project("{FAE04EC0-301F-11D3-BF4B-00C04F79EFBC}") = "ReloadedDropIn.Tests", "src\ReloadedDropIn.Tests\ReloadedDropIn.Tests.csproj", "{9FC471D4-03C4-488F-BA84-3F552EBB0F6A}"
EndProject
Project("{FAE04EC0-301F-11D3-BF4B-00C04F79EFBC}") = "ReloadedDropIn.Overlay", "src\ReloadedDropIn.Overlay\ReloadedDropIn.Overlay.csproj", "{61983C47-1D93-483C-AED5-5EF61B92E0C0}"
EndProject
Project("{FAE04EC0-301F-11D3-BF4B-00C04F79EFBC}") = "ReloadedDropIn.Adapter.P5R", "src\ReloadedDropIn.Adapter.P5R\ReloadedDropIn.Adapter.P5R.csproj", "{66B16812-427A-47F0-8DAD-F104824EBB17}"
EndProject
Project("{FAE04EC0-301F-11D3-BF4B-00C04F79EFBC}") = "ReloadedDropIn.Adapter.FFXVI", "src\ReloadedDropIn.Adapter.FFXVI\ReloadedDropIn.Adapter.FFXVI.csproj", "{B197862D-8573-49C0-BFAB-EB50873D0AA9}"
EndProject
Global
	GlobalSection(SolutionConfigurationPlatforms) = preSolution
		Debug|Any CPU = Debug|Any CPU
		Debug|x64 = Debug|x64
		Debug|x86 = Debug|x86
		Release|Any CPU = Release|Any CPU
		Release|x64 = Release|x64
		Release|x86 = Release|x86
	EndGlobalSection
	GlobalSection(ProjectConfigurationPlatforms) = postSolution
		{ED741817-4ACA-4A87-BB82-5162F8D9A796}.Debug|Any CPU.ActiveCfg = Debug|Any CPU
		{ED741817-4ACA-4A87-BB82-5162F8D9A796}.Debug|Any CPU.Build.0 = Debug|Any CPU
		{ED741817-4ACA-4A87-BB82-5162F8D9A796}.Debug|x64.ActiveCfg = Debug|Any CPU
		{ED741817-4ACA-4A87-BB82-5162F8D9A796}.Debug|x64.Build.0 = Debug|Any CPU
		{ED741817-4ACA-4A87-BB82-5162F8D9A796}.Debug|x86.ActiveCfg = Debug|Any CPU
		{ED741817-4ACA-4A87-BB82-5162F8D9A796}.Debug|x86.Build.0 = Debug|Any CPU
		{ED741817-4ACA-4A87-BB82-5162F8D9A796}.Release|Any CPU.ActiveCfg = Release|Any CPU
		{ED741817-4ACA-4A87-BB82-5162F8D9A796}.Release|Any CPU.Build.0 = Release|Any CPU
		{ED741817-4ACA-4A87-BB82-5162F8D9A796}.Release|x64.ActiveCfg = Release|Any CPU
		{ED741817-4ACA-4A87-BB82-5162F8D9A796}.Release|x64.Build.0 = Release|Any CPU
		{ED741817-4ACA-4A87-BB82-5162F8D9A796}.Release|x86.ActiveCfg = Release|Any CPU
		{ED741817-4ACA-4A87-BB82-5162F8D9A796}.Release|x86.Build.0 = Release|Any CPU
		{754029A4-CD9D-49DF-A75D-218EA12BA72B}.Debug|Any CPU.ActiveCfg = Debug|Any CPU
		{754029A4-CD9D-49DF-A75D-218EA12BA72B}.Debug|Any CPU.Build.0 = Debug|Any CPU
		{754029A4-CD9D-49DF-A75D-218EA12BA72B}.Debug|x64.ActiveCfg = Debug|Any CPU
		{754029A4-CD9D-49DF-A75D-218EA12BA72B}.Debug|x64.Build.0 = Debug|Any CPU
		{754029A4-CD9D-49DF-A75D-218EA12BA72B}.Debug|x86.ActiveCfg = Debug|Any CPU
		{754029A4-CD9D-49DF-A75D-218EA12BA72B}.Debug|x86.Build.0 = Debug|Any CPU
		{754029A4-CD9D-49DF-A75D-218EA12BA72B}.Release|Any CPU.ActiveCfg = Release|Any CPU
		{754029A4-CD9D-49DF-A75D-218EA12BA72B}.Release|Any CPU.Build.0 = Release|Any CPU
		{754029A4-CD9D-49DF-A75D-218EA12BA72B}.Release|x64.ActiveCfg = Release|Any CPU
		{754029A4-CD9D-49DF-A75D-218EA12BA72B}.Release|x64.Build.0 = Release|Any CPU
		{754029A4-CD9D-49DF-A75D-218EA12BA72B}.Release|x86.ActiveCfg = Release|Any CPU
		{754029A4-CD9D-49DF-A75D-218EA12BA72B}.Release|x86.Build.0 = Release|Any CPU
		{0C24B528-15EC-4BF1-9BC4-39C6FAF01416}.Debug|Any CPU.ActiveCfg = Debug|Any CPU
		{0C24B528-15EC-4BF1-9BC4-39C6FAF01416}.Debug|Any CPU.Build.0 = Debug|Any CPU
		{0C24B528-15EC-4BF1-9BC4-39C6FAF01416}.Debug|x64.ActiveCfg = Debug|Any CPU
		{0C24B528-15EC-4BF1-9BC4-39C6FAF01416}.Debug|x64.Build.0 = Debug|Any CPU
		{0C24B528-15EC-4BF1-9BC4-39C6FAF01416}.Debug|x86.ActiveCfg = Debug|Any CPU
		{0C24B528-15EC-4BF1-9BC4-39C6FAF01416}.Debug|x86.Build.0 = Debug|Any CPU
		{0C24B528-15EC-4BF1-9BC4-39C6FAF01416}.Release|Any CPU.ActiveCfg = Release|Any CPU
		{0C24B528-15EC-4BF1-9BC4-39C6FAF01416}.Release|Any CPU.Build.0 = Release|Any CPU
		{0C24B528-15EC-4BF1-9BC4-39C6FAF01416}.Release|x64.ActiveCfg = Release|Any CPU
		{0C24B528-15EC-4BF1-9BC4-39C6FAF01416}.Release|x64.Build.0 = Release|Any CPU
		{0C24B528-15EC-4BF1-9BC4-39C6FAF01416}.Release|x86.ActiveCfg = Release|Any CPU
		{0C24B528-15EC-4BF1-9BC4-39C6FAF01416}.Release|x86.Build.0 = Release|Any CPU
		{836FEED4-FBEA-4A40-A7F2-6B196784D728}.Debug|Any CPU.ActiveCfg = Debug|Any CPU
		{836FEED4-FBEA-4A40-A7F2-6B196784D728}.Debug|Any CPU.Build.0 = Debug|Any CPU
		{836FEED4-FBEA-4A40-A7F2-6B196784D728}.Debug|x64.ActiveCfg = Debug|Any CPU
		{836FEED4-FBEA-4A40-A7F2-6B196784D728}.Debug|x64.Build.0 = Debug|Any CPU
		{836FEED4-FBEA-4A40-A7F2-6B196784D728}.Debug|x86.ActiveCfg = Debug|Any CPU
		{836FEED4-FBEA-4A40-A7F2-6B196784D728}.Debug|x86.Build.0 = Debug|Any CPU
		{836FEED4-FBEA-4A40-A7F2-6B196784D728}.Release|Any CPU.ActiveCfg = Release|Any CPU
		{836FEED4-FBEA-4A40-A7F2-6B196784D728}.Release|Any CPU.Build.0 = Release|Any CPU
		{836FEED4-FBEA-4A40-A7F2-6B196784D728}.Release|x64.ActiveCfg = Release|Any CPU
		{836FEED4-FBEA-4A40-A7F2-6B196784D728}.Release|x64.Build.0 = Release|Any CPU
		{836FEED4-FBEA-4A40-A7F2-6B196784D728}.Release|x86.ActiveCfg = Release|Any CPU
		{836FEED4-FBEA-4A40-A7F2-6B196784D728}.Release|x86.Build.0 = Release|Any CPU
		{55D505B6-1D3C-40BA-9203-0532DE18C0A7}.Debug|Any CPU.ActiveCfg = Debug|Any CPU
		{55D505B6-1D3C-40BA-9203-0532DE18C0A7}.Debug|Any CPU.Build.0 = Debug|Any CPU
		{55D505B6-1D3C-40BA-9203-0532DE18C0A7}.Debug|x64.ActiveCfg = Debug|Any CPU
		{55D505B6-1D3C-40BA-9203-0532DE18C0A7}.Debug|x64.Build.0 = Debug|Any CPU
		{55D505B6-1D3C-40BA-9203-0532DE18C0A7}.Debug|x86.ActiveCfg = Debug|Any CPU
		{55D505B6-1D3C-40BA-9203-0532DE18C0A7}.Debug|x86.Build.0 = Debug|Any CPU
		{55D505B6-1D3C-40BA-9203-0532DE18C0A7}.Release|Any CPU.ActiveCfg = Release|Any CPU
		{55D505B6-1D3C-40BA-9203-0532DE18C0A7}.Release|Any CPU.Build.0 = Release|Any CPU
		{55D505B6-1D3C-40BA-9203-0532DE18C0A7}.Release|x64.ActiveCfg = Release|Any CPU
		{55D505B6-1D3C-40BA-9203-0532DE18C0A7}.Release|x64.Build.0 = Release|Any CPU
		{55D505B6-1D3C-40BA-9203-0532DE18C0A7}.Release|x86.ActiveCfg = Release|Any CPU
		{55D505B6-1D3C-40BA-9203-0532DE18C0A7}.Release|x86.Build.0 = Release|Any CPU
		{9FC471D4-03C4-488F-BA84-3F552EBB0F6A}.Debug|Any CPU.ActiveCfg = Debug|Any CPU
		{9FC471D4-03C4-488F-BA84-3F552EBB0F6A}.Debug|Any CPU.Build.0 = Debug|Any CPU
		{9FC471D4-03C4-488F-BA84-3F552EBB0F6A}.Debug|x64.ActiveCfg = Debug|Any CPU
		{9FC471D4-03C4-488F-BA84-3F552EBB0F6A}.Debug|x64.Build.0 = Debug|Any CPU
		{9FC471D4-03C4-488F-BA84-3F552EBB0F6A}.Debug|x86.ActiveCfg = Debug|Any CPU
		{9FC471D4-03C4-488F-BA84-3F552EBB0F6A}.Debug|x86.Build.0 = Debug|Any CPU
		{9FC471D4-03C4-488F-BA84-3F552EBB0F6A}.Release|Any CPU.ActiveCfg = Release|Any CPU
		{9FC471D4-03C4-488F-BA84-3F552EBB0F6A}.Release|Any CPU.Build.0 = Release|Any CPU
		{9FC471D4-03C4-488F-BA84-3F552EBB0F6A}.Release|x64.ActiveCfg = Release|Any CPU
		{9FC471D4-03C4-488F-BA84-3F552EBB0F6A}.Release|x64.Build.0 = Release|Any CPU
		{9FC471D4-03C4-488F-BA84-3F552EBB0F6A}.Release|x86.ActiveCfg = Release|Any CPU
		{9FC471D4-03C4-488F-BA84-3F552EBB0F6A}.Release|x86.Build.0 = Release|Any CPU
		{61983C47-1D93-483C-AED5-5EF61B92E0C0}.Debug|Any CPU.ActiveCfg = Debug|Any CPU
		{61983C47-1D93-483C-AED5-5EF61B92E0C0}.Debug|Any CPU.Build.0 = Debug|Any CPU
		{61983C47-1D93-483C-AED5-5EF61B92E0C0}.Debug|x64.ActiveCfg = Debug|Any CPU
		{61983C47-1D93-483C-AED5-5EF61B92E0C0}.Debug|x64.Build.0 = Debug|Any CPU
		{61983C47-1D93-483C-AED5-5EF61B92E0C0}.Debug|x86.ActiveCfg = Debug|Any CPU
		{61983C47-1D93-483C-AED5-5EF61B92E0C0}.Debug|x86.Build.0 = Debug|Any CPU
		{61983C47-1D93-483C-AED5-5EF61B92E0C0}.Release|Any CPU.ActiveCfg = Release|Any CPU
		{61983C47-1D93-483C-AED5-5EF61B92E0C0}.Release|Any CPU.Build.0 = Release|Any CPU
		{61983C47-1D93-483C-AED5-5EF61B92E0C0}.Release|x64.ActiveCfg = Release|Any CPU
		{61983C47-1D93-483C-AED5-5EF61B92E0C0}.Release|x64.Build.0 = Release|Any CPU
		{61983C47-1D93-483C-AED5-5EF61B92E0C0}.Release|x86.ActiveCfg = Release|Any CPU
		{61983C47-1D93-483C-AED5-5EF61B92E0C0}.Release|x86.Build.0 = Release|Any CPU
		{66B16812-427A-47F0-8DAD-F104824EBB17}.Debug|Any CPU.ActiveCfg = Debug|Any CPU
		{66B16812-427A-47F0-8DAD-F104824EBB17}.Debug|Any CPU.Build.0 = Debug|Any CPU
		{66B16812-427A-47F0-8DAD-F104824EBB17}.Debug|x64.ActiveCfg = Debug|Any CPU
		{66B16812-427A-47F0-8DAD-F104824EBB17}.Debug|x64.Build.0 = Debug|Any CPU
		{66B16812-427A-47F0-8DAD-F104824EBB17}.Debug|x86.ActiveCfg = Debug|Any CPU
		{66B16812-427A-47F0-8DAD-F104824EBB17}.Debug|x86.Build.0 = Debug|Any CPU
		{66B16812-427A-47F0-8DAD-F104824EBB17}.Release|Any CPU.ActiveCfg = Release|Any CPU
		{66B16812-427A-47F0-8DAD-F104824EBB17}.Release|Any CPU.Build.0 = Release|Any CPU
		{66B16812-427A-47F0-8DAD-F104824EBB17}.Release|x64.ActiveCfg = Release|Any CPU
		{66B16812-427A-47F0-8DAD-F104824EBB17}.Release|x64.Build.0 = Release|Any CPU
		{66B16812-427A-47F0-8DAD-F104824EBB17}.Release|x86.ActiveCfg = Release|Any CPU
		{66B16812-427A-47F0-8DAD-F104824EBB17}.Release|x86.Build.0 = Release|Any CPU
		{B197862D-8573-49C0-BFAB-EB50873D0AA9}.Debug|Any CPU.ActiveCfg = Debug|Any CPU
		{B197862D-8573-49C0-BFAB-EB50873D0AA9}.Debug|Any CPU.Build.0 = Debug|Any CPU
		{B197862D-8573-49C0-BFAB-EB50873D0AA9}.Debug|x64.ActiveCfg = Debug|Any CPU
		{B197862D-8573-49C0-BFAB-EB50873D0AA9}.Debug|x64.Build.0 = Debug|Any CPU
		{B197862D-8573-49C0-BFAB-EB50873D0AA9}.Debug|x86.ActiveCfg = Debug|Any CPU
		{B197862D-8573-49C0-BFAB-EB50873D0AA9}.Debug|x86.Build.0 = Debug|Any CPU
		{B197862D-8573-49C0-BFAB-EB50873D0AA9}.Release|Any CPU.ActiveCfg = Release|Any CPU
		{B197862D-8573-49C0-BFAB-EB50873D0AA9}.Release|Any CPU.Build.0 = Release|Any CPU
		{B197862D-8573-49C0-BFAB-EB50873D0AA9}.Release|x64.ActiveCfg = Release|Any CPU
		{B197862D-8573-49C0-BFAB-EB50873D0AA9}.Release|x64.Build.0 = Release|Any CPU
		{B197862D-8573-49C0-BFAB-EB50873D0AA9}.Release|x86.ActiveCfg = Release|Any CPU
		{B197862D-8573-49C0-BFAB-EB50873D0AA9}.Release|x86.Build.0 = Release|Any CPU
	EndGlobalSection
	GlobalSection(SolutionProperties) = preSolution
		HideSolutionNode = FALSE
	EndGlobalSection
	GlobalSection(NestedProjects) = preSolution
		{ED741817-4ACA-4A87-BB82-5162F8D9A796} = {827E0CD3-B72D-47B6-A68D-7590B98EB39B}
		{754029A4-CD9D-49DF-A75D-218EA12BA72B} = {827E0CD3-B72D-47B6-A68D-7590B98EB39B}
		{0C24B528-15EC-4BF1-9BC4-39C6FAF01416} = {827E0CD3-B72D-47B6-A68D-7590B98EB39B}
		{836FEED4-FBEA-4A40-A7F2-6B196784D728} = {827E0CD3-B72D-47B6-A68D-7590B98EB39B}
		{55D505B6-1D3C-40BA-9203-0532DE18C0A7} = {827E0CD3-B72D-47B6-A68D-7590B98EB39B}
		{9FC471D4-03C4-488F-BA84-3F552EBB0F6A} = {827E0CD3-B72D-47B6-A68D-7590B98EB39B}
		{61983C47-1D93-483C-AED5-5EF61B92E0C0} = {827E0CD3-B72D-47B6-A68D-7590B98EB39B}
		{66B16812-427A-47F0-8DAD-F104824EBB17} = {827E0CD3-B72D-47B6-A68D-7590B98EB39B}
		{B197862D-8573-49C0-BFAB-EB50873D0AA9} = {827E0CD3-B72D-47B6-A68D-7590B98EB39B}
	EndGlobalSection
EndGlobal
